// !$*UTF8*$!
{
	archiveVersion = 1;
	classes = {
	};
	objectVersion = 46;
	objects = {

/* Begin PBXBuildFile section */
		266A149C1903274900D4C738 /* OWSpaceImageViewController.m in Sources */ = {isa = PBXBuildFile; fileRef = 266A149B1903274900D4C738 /* OWSpaceImageViewController.m */; };
		A3F6191D18FD817D00C143EE /* Foundation.framework in Frameworks */ = {isa = PBXBuildFile; fileRef = A3F6191C18FD817D00C143EE /* Foundation.framework */; };
		A3F6191F18FD817D00C143EE /* CoreGraphics.framework in Frameworks */ = {isa = PBXBuildFile; fileRef = A3F6191E18FD817D00C143EE /* CoreGraphics.framework */; };
		A3F6192118FD817D00C143EE /* UIKit.framework in Frameworks */ = {isa = PBXBuildFile; fileRef = A3F6192018FD817D00C143EE /* UIKit.framework */; };
		A3F6192718FD817D00C143EE /* InfoPlist.strings in Resources */ = {isa = PBXBuildFile; fileRef = A3F6192518FD817D00C143EE /* InfoPlist.strings */; };
		A3F6192918FD817D00C143EE /* main.m in Sources */ = {isa = PBXBuildFile; fileRef = A3F6192818FD817D00C143EE /* main.m */; };
		A3F6192D18FD817D00C143EE /* AppDelegate.m in Sources */ = {isa = PBXBuildFile; fileRef = A3F6192C18FD817D00C143EE /* AppDelegate.m */; };
		A3F6193018FD817D00C143EE /* Main.storyboard in Resources */ = {isa = PBXBuildFile; fileRef = A3F6192E18FD817D00C143EE /* Main.storyboard */; };
		A3F6193518FD817D00C143EE /* Images.xcassets in Resources */ = {isa = PBXBuildFile; fileRef = A3F6193418FD817D00C143EE /* Images.xcassets */; };
		A3F6193C18FD817D00C143EE /* XCTest.framework in Frameworks */ = {isa = PBXBuildFile; fileRef = A3F6193B18FD817D00C143EE /* XCTest.framework */; };
		A3F6193D18FD817D00C143EE /* Foundation.framework in Frameworks */ = {isa = PBXBuildFile; fileRef = A3F6191C18FD817D00C143EE /* Foundation.framework */; };
		A3F6193E18FD817D00C143EE /* UIKit.framework in Frameworks */ = {isa = PBXBuildFile; fileRef = A3F6192018FD817D00C143EE /* UIKit.framework */; };
		A3F6194618FD817D00C143EE /* InfoPlist.strings in Resources */ = {isa = PBXBuildFile; fileRef = A3F6194418FD817D00C143EE /* InfoPlist.strings */; };
		A3F6194818FD817D00C143EE /* Out_of_this_WorldTests.m in Sources */ = {isa = PBXBuildFile; fileRef = A3F6194718FD817D00C143EE /* Out_of_this_WorldTests.m */; };
		A3F6195618FD82F100C143EE /* OWOuterSpaceTableViewController.m in Sources */ = {isa = PBXBuildFile; fileRef = A3F6195518FD82F100C143EE /* OWOuterSpaceTableViewController.m */; };
		A3F6195918FDDDEC00C143EE /* AstronomicalData.m in Sources */ = {isa = PBXBuildFile; fileRef = A3F6195818FDDDEC00C143EE /* AstronomicalData.m */; };
		A3F619A818FEB41E00C143EE /* Earth.jpg in Resources */ = {isa = PBXBuildFile; fileRef = A3F6199E18FEB41E00C143EE /* Earth.jpg */; };
		A3F619A918FEB41E00C143EE /* EinsteinRing.jpg in Resources */ = {isa = PBXBuildFile; fileRef = A3F6199F18FEB41E00C143EE /* EinsteinRing.jpg */; };
		A3F619AA18FEB41E00C143EE /* Jupiter.jpg in Resources */ = {isa = PBXBuildFile; fileRef = A3F619A018FEB41E00C143EE /* Jupiter.jpg */; };
		A3F619AB18FEB41E00C143EE /* Mars.jpg in Resources */ = {isa = PBXBuildFile; fileRef = A3F619A118FEB41E00C143EE /* Mars.jpg */; };
		A3F619AC18FEB41E00C143EE /* Mercury.jpg in Resources */ = {isa = PBXBuildFile; fileRef = A3F619A218FEB41E00C143EE /* Mercury.jpg */; };
		A3F619AD18FEB41E00C143EE /* Neptune.jpg in Resources */ = {isa = PBXBuildFile; fileRef = A3F619A318FEB41E00C143EE /* Neptune.jpg */; };
		A3F619AE18FEB41E00C143EE /* Orion.jpg in Resources */ = {isa = PBXBuildFile; fileRef = A3F619A418FEB41E00C143EE /* Orion.jpg */; };
		A3F619AF18FEB41E00C143EE /* Saturn.jpg in Resources */ = {isa = PBXBuildFile; fileRef = A3F619A518FEB41E00C143EE /* Saturn.jpg */; };
		A3F619B018FEB41E00C143EE /* Uranus.jpg in Resources */ = {isa = PBXBuildFile; fileRef = A3F619A618FEB41E00C143EE /* Uranus.jpg */; };
		A3F619B118FEB41E00C143EE /* Venus.jpg in Resources */ = {isa = PBXBuildFile; fileRef = A3F619A718FEB41E00C143EE /* Venus.jpg */; };
		A3F619B418FEB45F00C143EE /* OWSpaceObject.m in Sources */ = {isa = PBXBuildFile; fileRef = A3F619B318FEB45F00C143EE /* OWSpaceObject.m */; };
/* End PBXBuildFile section */

/* Begin PBXContainerItemProxy section */
		A3F6193F18FD817D00C143EE /* PBXContainerItemProxy */ = {
			isa = PBXContainerItemProxy;
			containerPortal = A3F6191118FD817D00C143EE /* Project object */;
			proxyType = 1;
			remoteGlobalIDString = A3F6191818FD817D00C143EE;
			remoteInfo = "Out of this World";
		};
/* End PBXContainerItemProxy section */

/* Begin PBXFileReference section */
		266A149A1903274900D4C738 /* OWSpaceImageViewController.h */ = {isa = PBXFileReference; fileEncoding = 4; lastKnownFileType = sourcecode.c.h; path = OWSpaceImageViewController.h; sourceTree = "<group>"; };
		266A149B1903274900D4C738 /* OWSpaceImageViewController.m */ = {isa = PBXFileReference; fileEncoding = 4; lastKnownFileType = sourcecode.c.objc; path = OWSpaceImageViewController.m; sourceTree = "<group>"; };
		A3F6191918FD817D00C143EE /* Out of this World.app */ = {isa = PBXFileReference; explicitFileType = wrapper.application; includeInIndex = 0; path = "Out of this World.app"; sourceTree = BUILT_PRODUCTS_DIR; };
		A3F6191C18FD817D00C143EE /* Foundation.framework */ = {isa = PBXFileReference; lastKnownFileType = wrapper.framework; name = Foundation.framework; path = System/Library/Frameworks/Foundation.framework; sourceTree = SDKROOT; };
		A3F6191E18FD817D00C143EE /* CoreGraphics.framework */ = {isa = PBXFileReference; lastKnownFileType = wrapper.framework; name = CoreGraphics.framework; path = System/Library/Frameworks/CoreGraphics.framework; sourceTree = SDKROOT; };
		A3F6192018FD817D00C143EE /* UIKit.framework */ = {isa = PBXFileReference; lastKnownFileType = wrapper.framework; name = UIKit.framework; path = System/Library/Frameworks/UIKit.framework; sourceTree = SDKROOT; };
		A3F6192418FD817D00C143EE /* Out of this World-Info.plist */ = {isa = PBXFileReference; lastKnownFileType = text.plist.xml; path = "Out of this World-Info.plist"; sourceTree = "<group>"; };
		A3F6192618FD817D00C143EE /* en */ = {isa = PBXFileReference; lastKnownFileType = text.plist.strings; name = en; path = en.lproj/InfoPlist.strings; sourceTree = "<group>"; };
		A3F6192818FD817D00C143EE /* main.m */ = {isa = PBXFileReference; lastKnownFileType = sourcecode.c.objc; path = main.m; sourceTree = "<group>"; };
		A3F6192A18FD817D00C143EE /* Out of this World-Prefix.pch */ = {isa = PBXFileReference; lastKnownFileType = sourcecode.c.h; path = "Out of this World-Prefix.pch"; sourceTree = "<group>"; };
		A3F6192B18FD817D00C143EE /* AppDelegate.h */ = {isa = PBXFileReference; lastKnownFileType = sourcecode.c.h; path = AppDelegate.h; sourceTree = "<group>"; };
		A3F6192C18FD817D00C143EE /* AppDelegate.m */ = {isa = PBXFileReference; lastKnownFileType = sourcecode.c.objc; path = AppDelegate.m; sourceTree = "<group>"; };
		A3F6192F18FD817D00C143EE /* Base */ = {isa = PBXFileReference; lastKnownFileType = file.storyboard; name = Base; path = Base.lproj/Main.storyboard; sourceTree = "<group>"; };
		A3F6193418FD817D00C143EE /* Images.xcassets */ = {isa = PBXFileReference; lastKnownFileType = folder.assetcatalog; path = Images.xcassets; sourceTree = "<group>"; };
		A3F6193A18FD817D00C143EE /* Out of this WorldTests.xctest */ = {isa = PBXFileReference; explicitFileType = wrapper.cfbundle; includeInIndex = 0; path = "Out of this WorldTests.xctest"; sourceTree = BUILT_PRODUCTS_DIR; };
		A3F6193B18FD817D00C143EE /* XCTest.framework */ = {isa = PBXFileReference; lastKnownFileType = wrapper.framework; name = XCTest.framework; path = Library/Frameworks/XCTest.framework; sourceTree = DEVELOPER_DIR; };
		A3F6194318FD817D00C143EE /* Out of this WorldTests-Info.plist */ = {isa = PBXFileReference; lastKnownFileType = text.plist.xml; path = "Out of this WorldTests-Info.plist"; sourceTree = "<group>"; };
		A3F6194518FD817D00C143EE /* en */ = {isa = PBXFileReference; lastKnownFileType = text.plist.strings; name = en; path = en.lproj/InfoPlist.strings; sourceTree = "<group>"; };
		A3F6194718FD817D00C143EE /* Out_of_this_WorldTests.m */ = {isa = PBXFileReference; lastKnownFileType = sourcecode.c.objc; path = Out_of_this_WorldTests.m; sourceTree = "<group>"; };
		A3F6195418FD82F100C143EE /* OWOuterSpaceTableViewController.h */ = {isa = PBXFileReference; fileEncoding = 4; lastKnownFileType = sourcecode.c.h; path = OWOuterSpaceTableViewController.h; sourceTree = "<group>"; };
		A3F6195518FD82F100C143EE /* OWOuterSpaceTableViewController.m */ = {isa = PBXFileReference; fileEncoding = 4; lastKnownFileType = sourcecode.c.objc; path = OWOuterSpaceTableViewController.m; sourceTree = "<group>"; };
		A3F6195718FDDDEC00C143EE /* AstronomicalData.h */ = {isa = PBXFileReference; fileEncoding = 4; lastKnownFileType = sourcecode.c.h; path = AstronomicalData.h; sourceTree = "<group>"; };
		A3F6195818FDDDEC00C143EE /* AstronomicalData.m */ = {isa = PBXFileReference; fileEncoding = 4; lastKnownFileType = sourcecode.c.objc; path = AstronomicalData.m; sourceTree = "<group>"; };
		A3F6199E18FEB41E00C143EE /* Earth.jpg */ = {isa = PBXFileReference; lastKnownFileType = image.jpeg; path = Earth.jpg; sourceTree = "<group>"; };
		A3F6199F18FEB41E00C143EE /* EinsteinRing.jpg */ = {isa = PBXFileReference; lastKnownFileType = image.jpeg; path = EinsteinRing.jpg; sourceTree = "<group>"; };
		A3F619A018FEB41E00C143EE /* Jupiter.jpg */ = {isa = PBXFileReference; lastKnownFileType = image.jpeg; path = Jupiter.jpg; sourceTree = "<group>"; };
		A3F619A118FEB41E00C143EE /* Mars.jpg */ = {isa = PBXFileReference; lastKnownFileType = image.jpeg; path = Mars.jpg; sourceTree = "<group>"; };
		A3F619A218FEB41E00C143EE /* Mercury.jpg */ = {isa = PBXFileReference; lastKnownFileType = image.jpeg; path = Mercury.jpg; sourceTree = "<group>"; };
		A3F619A318FEB41E00C143EE /* Neptune.jpg */ = {isa = PBXFileReference; lastKnownFileType = image.jpeg; path = Neptune.jpg; sourceTree = "<group>"; };
		A3F619A418FEB41E00C143EE /* Orion.jpg */ = {isa = PBXFileReference; lastKnownFileType = image.jpeg; path = Orion.jpg; sourceTree = "<group>"; };
		A3F619A518FEB41E00C143EE /* Saturn.jpg */ = {isa = PBXFileReference; lastKnownFileType = image.jpeg; path = Saturn.jpg; sourceTree = "<group>"; };
		A3F619A618FEB41E00C143EE /* Uranus.jpg */ = {isa = PBXFileReference; lastKnownFileType = image.jpeg; path = Uranus.jpg; sourceTree = "<group>"; };
		A3F619A718FEB41E00C143EE /* Venus.jpg */ = {isa = PBXFileReference; lastKnownFileType = image.jpeg; path = Venus.jpg; sourceTree = "<group>"; };
		A3F619B218FEB45F00C143EE /* OWSpaceObject.h */ = {isa = PBXFileReference; fileEncoding = 4; lastKnownFileType = sourcecode.c.h; path = OWSpaceObject.h; sourceTree = "<group>"; };
		A3F619B318FEB45F00C143EE /* OWSpaceObject.m */ = {isa = PBXFileReference; fileEncoding = 4; lastKnownFileType = sourcecode.c.objc; path = OWSpaceObject.m; sourceTree = "<group>"; };
/* End PBXFileReference section */

/* Begin PBXFrameworksBuildPhase section */
		A3F6191618FD817D00C143EE /* Frameworks */ = {
			isa = PBXFrameworksBuildPhase;
			buildActionMask = 2147483647;
			files = (
				A3F6191F18FD817D00C143EE /* CoreGraphics.framework in Frameworks */,
				A3F6192118FD817D00C143EE /* UIKit.framework in Frameworks */,
				A3F6191D18FD817D00C143EE /* Foundation.framework in Frameworks */,
			);
			runOnlyForDeploymentPostprocessing = 0;
		};
		A3F6193718FD817D00C143EE /* Frameworks */ = {
			isa = PBXFrameworksBuildPhase;
			buildActionMask = 2147483647;
			files = (
				A3F6193C18FD817D00C143EE /* XCTest.framework in Frameworks */,
				A3F6193E18FD817D00C143EE /* UIKit.framework in Frameworks */,
				A3F6193D18FD817D00C143EE /* Foundation.framework in Frameworks */,
			);
			runOnlyForDeploymentPostprocessing = 0;
		};
/* End PBXFrameworksBuildPhase section */

/* Begin PBXGroup section */
		A3F6191018FD817D00C143EE = {
			isa = PBXGroup;
			children = (
				A3F6192218FD817D00C143EE /* Out of this World */,
				A3F6194118FD817D00C143EE /* Out of this WorldTests */,
				A3F6191B18FD817D00C143EE /* Frameworks */,
				A3F6191A18FD817D00C143EE /* Products */,
			);
			sourceTree = "<group>";
		};
		A3F6191A18FD817D00C143EE /* Products */ = {
			isa = PBXGroup;
			children = (
				A3F6191918FD817D00C143EE /* Out of this World.app */,
				A3F6193A18FD817D00C143EE /* Out of this WorldTests.xctest */,
			);
			name = Products;
			sourceTree = "<group>";
		};
		A3F6191B18FD817D00C143EE /* Frameworks */ = {
			isa = PBXGroup;
			children = (
				A3F6191C18FD817D00C143EE /* Foundation.framework */,
				A3F6191E18FD817D00C143EE /* CoreGraphics.framework */,
				A3F6192018FD817D00C143EE /* UIKit.framework */,
				A3F6193B18FD817D00C143EE /* XCTest.framework */,
			);
			name = Frameworks;
			sourceTree = "<group>";
		};
		A3F6192218FD817D00C143EE /* Out of this World */ = {
			isa = PBXGroup;
			children = (
				A3F6192B18FD817D00C143EE /* AppDelegate.h */,
				A3F6192C18FD817D00C143EE /* AppDelegate.m */,
				A3F6192E18FD817D00C143EE /* Main.storyboard */,
				A3F6195418FD82F100C143EE /* OWOuterSpaceTableViewController.h */,
				A3F6195518FD82F100C143EE /* OWOuterSpaceTableViewController.m */,
				A3F619B218FEB45F00C143EE /* OWSpaceObject.h */,
				A3F619B318FEB45F00C143EE /* OWSpaceObject.m */,
				266A149A1903274900D4C738 /* OWSpaceImageViewController.h */,
				266A149B1903274900D4C738 /* OWSpaceImageViewController.m */,
				A3F6193418FD817D00C143EE /* Images.xcassets */,
				A3F6192318FD817D00C143EE /* Supporting Files */,
			);
			path = "Out of this World";
			sourceTree = "<group>";
		};
		A3F6192318FD817D00C143EE /* Supporting Files */ = {
			isa = PBXGroup;
			children = (
				A3F6199E18FEB41E00C143EE /* Earth.jpg */,
				A3F6199F18FEB41E00C143EE /* EinsteinRing.jpg */,
				A3F619A018FEB41E00C143EE /* Jupiter.jpg */,
				A3F619A118FEB41E00C143EE /* Mars.jpg */,
				A3F619A218FEB41E00C143EE /* Mercury.jpg */,
				A3F619A318FEB41E00C143EE /* Neptune.jpg */,
				A3F619A418FEB41E00C143EE /* Orion.jpg */,
				A3F619A518FEB41E00C143EE /* Saturn.jpg */,
				A3F619A618FEB41E00C143EE /* Uranus.jpg */,
				A3F619A718FEB41E00C143EE /* Venus.jpg */,
				A3F6195718FDDDEC00C143EE /* AstronomicalData.h */,
				A3F6195818FDDDEC00C143EE /* AstronomicalData.m */,
				A3F6192418FD817D00C143EE /* Out of this World-Info.plist */,
				A3F6192518FD817D00C143EE /* InfoPlist.strings */,
				A3F6192818FD817D00C143EE /* main.m */,
				A3F6192A18FD817D00C143EE /* Out of this World-Prefix.pch */,
			);
			name = "Supporting Files";
			sourceTree = "<group>";
		};
		A3F6194118FD817D00C143EE /* Out of this WorldTests */ = {
			isa = PBXGroup;
			children = (
				A3F6194718FD817D00C143EE /* Out_of_this_WorldTests.m */,
				A3F6194218FD817D00C143EE /* Supporting Files */,
			);
			path = "Out of this WorldTests";
			sourceTree = "<group>";
		};
		A3F6194218FD817D00C143EE /* Supporting Files */ = {
			isa = PBXGroup;
			children = (
				A3F6194318FD817D00C143EE /* Out of this WorldTests-Info.plist */,
				A3F6194418FD817D00C143EE /* InfoPlist.strings */,
			);
			name = "Supporting Files";
			sourceTree = "<group>";
		};
/* End PBXGroup section */

/* Begin PBXNativeTarget section */
		A3F6191818FD817D00C143EE /* Out of this World */ = {
			isa = PBXNativeTarget;
			buildConfigurationList = A3F6194B18FD817D00C143EE /* Build configuration list for PBXNativeTarget "Out of this World" */;
			buildPhases = (
				A3F6191518FD817D00C143EE /* Sources */,
				A3F6191618FD817D00C143EE /* Frameworks */,
				A3F6191718FD817D00C143EE /* Resources */,
			);
			buildRules = (
			);
			dependencies = (
			);
			name = "Out of this World";
			productName = "Out of this World";
			productReference = A3F6191918FD817D00C143EE /* Out of this World.app */;
			productType = "com.apple.product-type.application";
		};
		A3F6193918FD817D00C143EE /* Out of this WorldTests */ = {
			isa = PBXNativeTarget;
			buildConfigurationList = A3F6194E18FD817D00C143EE /* Build configuration list for PBXNativeTarget "Out of this WorldTests" */;
			buildPhases = (
				A3F6193618FD817D00C143EE /* Sources */,
				A3F6193718FD817D00C143EE /* Frameworks */,
				A3F6193818FD817D00C143EE /* Resources */,
			);
			buildRules = (
			);
			dependencies = (
				A3F6194018FD817D00C143EE /* PBXTargetDependency */,
			);
			name = "Out of this WorldTests";
			productName = "Out of this WorldTests";
			productReference = A3F6193A18FD817D00C143EE /* Out of this WorldTests.xctest */;
			productType = "com.apple.product-type.bundle.unit-test";
		};
/* End PBXNativeTarget section */

/* Begin PBXProject section */
		A3F6191118FD817D00C143EE /* Project object */ = {
			isa = PBXProject;
			attributes = {
				LastUpgradeCheck = 0510;
				ORGANIZATIONNAME = "Daniel Jansson";
				TargetAttributes = {
					A3F6193918FD817D00C143EE = {
						TestTargetID = A3F6191818FD817D00C143EE;
					};
				};
			};
			buildConfigurationList = A3F6191418FD817D00C143EE /* Build configuration list for PBXProject "Out of this World" */;
			compatibilityVersion = "Xcode 3.2";
			developmentRegion = English;
			hasScannedForEncodings = 0;
			knownRegions = (
				en,
				Base,
			);
			mainGroup = A3F6191018FD817D00C143EE;
			productRefGroup = A3F6191A18FD817D00C143EE /* Products */;
			projectDirPath = "";
			projectRoot = "";
			targets = (
				A3F6191818FD817D00C143EE /* Out of this World */,
				A3F6193918FD817D00C143EE /* Out of this WorldTests */,
			);
		};
/* End PBXProject section */

/* Begin PBXResourcesBuildPhase section */
		A3F6191718FD817D00C143EE /* Resources */ = {
			isa = PBXResourcesBuildPhase;
			buildActionMask = 2147483647;
			files = (
				A3F619A818FEB41E00C143EE /* Earth.jpg in Resources */,
				A3F619B118FEB41E00C143EE /* Venus.jpg in Resources */,
				A3F619AC18FEB41E00C143EE /* Mercury.jpg in Resources */,
				A3F619AF18FEB41E00C143EE /* Saturn.jpg in Resources */,
				A3F619B018FEB41E00C143EE /* Uranus.jpg in Resources */,
				A3F6193518FD817D00C143EE /* Images.xcassets in Resources */,
				A3F619AD18FEB41E00C143EE /* Neptune.jpg in Resources */,
				A3F619AB18FEB41E00C143EE /* Mars.jpg in Resources */,
				A3F6192718FD817D00C143EE /* InfoPlist.strings in Resources */,
				A3F6193018FD817D00C143EE /* Main.storyboard in Resources */,
				A3F619A918FEB41E00C143EE /* EinsteinRing.jpg in Resources */,
				A3F619AA18FEB41E00C143EE /* Jupiter.jpg in Resources */,
				A3F619AE18FEB41E00C143EE /* Orion.jpg in Resources */,
			);
			runOnlyForDeploymentPostprocessing = 0;
		};
		A3F6193818FD817D00C143EE /* Resources */ = {
			isa = PBXResourcesBuildPhase;
			buildActionMask = 2147483647;
			files = (
				A3F6194618FD817D00C143EE /* InfoPlist.strings in Resources */,
			);
			runOnlyForDeploymentPostprocessing = 0;
		};
/* End PBXResourcesBuildPhase section */

/* Begin PBXSourcesBuildPhase section */
		A3F6191518FD817D00C143EE /* Sources */ = {
			isa = PBXSourcesBuildPhase;
			buildActionMask = 2147483647;
			files = (
				A3F6195618FD82F100C143EE /* OWOuterSpaceTableViewController.m in Sources */,
				A3F619B418FEB45F00C143EE /* OWSpaceObject.m in Sources */,
				A3F6192D18FD817D00C143EE /* AppDelegate.m in Sources */,
				A3F6192918FD817D00C143EE /* main.m in Sources */,
				A3F6195918FDDDEC00C143EE /* AstronomicalData.m in Sources */,
				266A149C1903274900D4C738 /* OWSpaceImageViewController.m in Sources */,
			);
			runOnlyForDeploymentPostprocessing = 0;
		};
		A3F6193618FD817D00C143EE /* Sources */ = {
			isa = PBXSourcesBuildPhase;
			buildActionMask = 2147483647;
			files = (
				A3F6194818FD817D00C143EE /* Out_of_this_WorldTests.m in Sources */,
			);
			runOnlyForDeploymentPostprocessing = 0;
		};
/* End PBXSourcesBuildPhase section */

/* Begin PBXTargetDependency section */
		A3F6194018FD817D00C143EE /* PBXTargetDependency */ = {
			isa = PBXTargetDependency;
			target = A3F6191818FD817D00C143EE /* Out of this World */;
			targetProxy = A3F6193F18FD817D00C143EE /* PBXContainerItemProxy */;
		};
/* End PBXTargetDependency section */

/* Begin PBXVariantGroup section */
		A3F6192518FD817D00C143EE /* InfoPlist.strings */ = {
			isa = PBXVariantGroup;
			children = (
				A3F6192618FD817D00C143EE /* en */,
			);
			name = InfoPlist.strings;
			sourceTree = "<group>";
		};
		A3F6192E18FD817D00C143EE /* Main.storyboard */ = {
			isa = PBXVariantGroup;
			children = (
				A3F6192F18FD817D00C143EE /* Base */,
			);
			name = Main.storyboard;
			sourceTree = "<group>";
		};
		A3F6194418FD817D00C143EE /* InfoPlist.strings */ = {
			isa = PBXVariantGroup;
			children = (
				A3F6194518FD817D00C143EE /* en */,
			);
			name = InfoPlist.strings;
			sourceTree = "<group>";
		};
/* End PBXVariantGroup section */

/* Begin XCBuildConfiguration section */
		A3F6194918FD817D00C143EE /* Debug */ = {
			isa = XCBuildConfiguration;
			buildSettings = {
				ALWAYS_SEARCH_USER_PATHS = NO;
				CLANG_CXX_LANGUAGE_STANDARD = "gnu++0x";
				CLANG_CXX_LIBRARY = "libc++";
				CLANG_ENABLE_MODULES = YES;
				CLANG_ENABLE_OBJC_ARC = YES;
				CLANG_WARN_BOOL_CONVERSION = YES;
				CLANG_WARN_CONSTANT_CONVERSION = YES;
				CLANG_WARN_DIRECT_OBJC_ISA_USAGE = YES_ERROR;
				CLANG_WARN_EMPTY_BODY = YES;
				CLANG_WARN_ENUM_CONVERSION = YES;
				CLANG_WARN_INT_CONVERSION = YES;
				CLANG_WARN_OBJC_ROOT_CLASS = YES_ERROR;
				CLANG_WARN__DUPLICATE_METHOD_MATCH = YES;
				"CODE_SIGN_IDENTITY[sdk=iphoneos*]" = "iPhone Developer";
				COPY_PHASE_STRIP = NO;
				GCC_C_LANGUAGE_STANDARD = gnu99;
				GCC_DYNAMIC_NO_PIC = NO;
				GCC_OPTIMIZATION_LEVEL = 0;
				GCC_PREPROCESSOR_DEFINITIONS = (
					"DEBUG=1",
					"$(inherited)",
				);
				GCC_SYMBOLS_PRIVATE_EXTERN = NO;
				GCC_WARN_64_TO_32_BIT_CONVERSION = YES;
				GCC_WARN_ABOUT_RETURN_TYPE = YES_ERROR;
				GCC_WARN_UNDECLARED_SELECTOR = YES;
				GCC_WARN_UNINITIALIZED_AUTOS = YES_AGGRESSIVE;
				GCC_WARN_UNUSED_FUNCTION = YES;
				GCC_WARN_UNUSED_VARIABLE = YES;
				IPHONEOS_DEPLOYMENT_TARGET = 7.1;
				ONLY_ACTIVE_ARCH = YES;
				SDKROOT = iphoneos;
			};
			name = Debug;
		};
		A3F6194A18FD817D00C143EE /* Release */ = {
			isa = XCBuildConfiguration;
			buildSettings = {
				ALWAYS_SEARCH_USER_PATHS = NO;
				CLANG_CXX_LANGUAGE_STANDARD = "gnu++0x";
				CLANG_CXX_LIBRARY = "libc++";
				CLANG_ENABLE_MODULES = YES;
				CLANG_ENABLE_OBJC_ARC = YES;
				CLANG_WARN_BOOL_CONVERSION = YES;
				CLANG_WARN_CONSTANT_CONVERSION = YES;
				CLANG_WARN_DIRECT_OBJC_ISA_USAGE = YES_ERROR;
				CLANG_WARN_EMPTY_BODY = YES;
				CLANG_WARN_ENUM_CONVERSION = YES;
				CLANG_WARN_INT_CONVERSION = YES;
				CLANG_WARN_OBJC_ROOT_CLASS = YES_ERROR;
				CLANG_WARN__DUPLICATE_METHOD_MATCH = YES;
				"CODE_SIGN_IDENTITY[sdk=iphoneos*]" = "iPhone Developer";
				COPY_PHASE_STRIP = YES;
				ENABLE_NS_ASSERTIONS = NO;
				GCC_C_LANGUAGE_STANDARD = gnu99;
				GCC_WARN_64_TO_32_BIT_CONVERSION = YES;
				GCC_WARN_ABOUT_RETURN_TYPE = YES_ERROR;
				GCC_WARN_UNDECLARED_SELECTOR = YES;
				GCC_WARN_UNINITIALIZED_AUTOS = YES_AGGRESSIVE;
				GCC_WARN_UNUSED_FUNCTION = YES;
				GCC_WARN_UNUSED_VARIABLE = YES;
				IPHONEOS_DEPLOYMENT_TARGET = 7.1;
				SDKROOT = iphoneos;
				VALIDATE_PRODUCT = YES;
			};
			name = Release;
		};
		A3F6194C18FD817D00C143EE /* Debug */ = {
			isa = XCBuildConfiguration;
			buildSettings = {
				ASSETCATALOG_COMPILER_APPICON_NAME = AppIcon;
				ASSETCATALOG_COMPILER_LAUNCHIMAGE_NAME = LaunchImage;
				GCC_PRECOMPILE_PREFIX_HEADER = YES;
				GCC_PREFIX_HEADER = "Out of this World/Out of this World-Prefix.pch";
				INFOPLIST_FILE = "Out of this World/Out of this World-Info.plist";
				PRODUCT_NAME = "$(TARGET_NAME)";
				WRAPPER_EXTENSION = app;
			};
			name = Debug;
		};
		A3F6194D18FD817D00C143EE /* Release */ = {
			isa = XCBuildConfiguration;
			buildSettings = {
				ASSETCATALOG_COMPILER_APPICON_NAME = AppIcon;
				ASSETCATALOG_COMPILER_LAUNCHIMAGE_NAME = LaunchImage;
				GCC_PRECOMPILE_PREFIX_HEADER = YES;
				GCC_PREFIX_HEADER = "Out of this World/Out of this World-Prefix.pch";
				INFOPLIST_FILE = "Out of this World/Out of this World-Info.plist";
				PRODUCT_NAME = "$(TARGET_NAME)";
				WRAPPER_EXTENSION = app;
			};
			name = Release;
		};
		A3F6194F18FD817D00C143EE /* Debug */ = {
			isa = XCBuildConfiguration;
			buildSettings = {
				BUNDLE_LOADER = "$(BUILT_PRODUCTS_DIR)/Out of this World.app/Out of this World";
				FRAMEWORK_SEARCH_PATHS = (
					"$(SDKROOT)/Developer/Library/Frameworks",
					"$(inherited)",
					"$(DEVELOPER_FRAMEWORKS_DIR)",
				);
				GCC_PRECOMPILE_PREFIX_HEADER = YES;
				GCC_PREFIX_HEADER = "Out of this World/Out of this World-Prefix.pch";
				GCC_PREPROCESSOR_DEFINITIONS = (
					"DEBUG=1",
					"$(inherited)",
				);
				INFOPLIST_FILE = "Out of this WorldTests/Out of this WorldTests-Info.plist";
				PRODUCT_NAME = "$(TARGET_NAME)";
				TEST_HOST = "$(BUNDLE_LOADER)";
				WRAPPER_EXTENSION = xctest;
			};
			name = Debug;
		};
		A3F6195018FD817D00C143EE /* Release */ = {
			isa = XCBuildConfiguration;
			buildSettings = {
				BUNDLE_LOADER = "$(BUILT_PRODUCTS_DIR)/Out of this World.app/Out of this World";
				FRAMEWORK_SEARCH_PATHS = (
					"$(SDKROOT)/Developer/Library/Frameworks",
					"$(inherited)",
					"$(DEVELOPER_FRAMEWORKS_DIR)",
				);
				GCC_PRECOMPILE_PREFIX_HEADER = YES;
				GCC_PREFIX_HEADER = "Out of this World/Out of this World-Prefix.pch";
				INFOPLIST_FILE = "Out of this WorldTests/Out of this WorldTests-Info.plist";
				PRODUCT_NAME = "$(TARGET_NAME)";
				TEST_HOST = "$(BUNDLE_LOADER)";
				WRAPPER_EXTENSION = xctest;
			};
			name = Release;
		};
/* End XCBuildConfiguration section */

/* Begin XCConfigurationList section */
		A3F6191418FD817D00C143EE /* Build configuration list for PBXProject "Out of this World" */ = {
			isa = XCConfigurationList;
			buildConfigurations = (
				A3F6194918FD817D00C143EE /* Debug */,
				A3F6194A18FD817D00C143EE /* Release */,
			);
			defaultConfigurationIsVisible = 0;
			defaultConfigurationName = Release;
		};
		A3F6194B18FD817D00C143EE /* Build configuration list for PBXNativeTarget "Out of this World" */ = {
			isa = XCConfigurationList;
			buildConfigurations = (
				A3F6194C18FD817D00C143EE /* Debug */,
				A3F6194D18FD817D00C143EE /* Release */,
			);
			defaultConfigurationIsVisible = 0;
			defaultConfigurationName = Release;
		};
		A3F6194E18FD817D00C143EE /* Build configuration list for PBXNativeTarget "Out of this WorldTests" */ = {
			isa = XCConfigurationList;
			buildConfigurations = (
				A3F6194F18FD817D00C143EE /* Debug */,
				A3F6195018FD817D00C143EE /* Release */,
			);
			defaultConfigurationIsVisible = 0;
			defaultConfigurationName = Release;
		};
/* End XCConfigurationList section */
	};
	rootObject = A3F6191118FD817D00C143EE /* Project object */;
}
